
Microsoft Visual Studio Solution File, Format Version 12.00
# Visual Studio Version 16
VisualStudioVersion = 16.0.29609.76
MinimumVisualStudioVersion = 10.0.40219.1
Project("{FAE04EC0-301F-11D3-BF4B-00C04F79EFBC}") = "Dramarr.Installer", "Dramarr.Installer/Dramarr.Installer.csproj", "{E03F9FD5-6C43-4A78-A097-5E8F476FD234}"
EndProject
Global
	GlobalSection(SolutionConfigurationPlatforms) = preSolution
		Debug|Any CPU = Debug|Any CPU
		Release|Any CPU = Release|Any CPU
	EndGlobalSection
	GlobalSection(ProjectConfigurationPlatforms) = postSolution
		{E03F9FD5-6C43-4A78-A097-5E8F476FD234}.Debug|Any CPU.ActiveCfg = Debug|Any CPU
		{E03F9FD5-6C43-4A78-A097-5E8F476FD234}.Debug|Any CPU.Build.0 = Debug|Any CPU
		{E03F9FD5-6C43-4A78-A097-5E8F476FD234}.Release|Any CPU.ActiveCfg = Release|Any CPU
		{E03F9FD5-6C43-4A78-A097-5E8F476FD234}.Release|Any CPU.Build.0 = Release|Any CPU
		{6A179BA2-C643-4AF9-9A21-26427963DF7D}.Debug|Any CPU.ActiveCfg = Debug|Any CPU
		{6A179BA2-C643-4AF9-9A21-26427963DF7D}.Debug|Any CPU.Build.0 = Debug|Any CPU
		{6A179BA2-C643-4AF9-9A21-26427963DF7D}.Release|Any CPU.ActiveCfg = Release|Any CPU
		{6A179BA2-C643-4AF9-9A21-26427963DF7D}.Release|Any CPU.Build.0 = Release|Any CPU
		{B843500A-FF38-45A3-9901-56DD70037B25}.Debug|Any CPU.ActiveCfg = Debug|Any CPU
		{B843500A-FF38-45A3-9901-56DD70037B25}.Debug|Any CPU.Build.0 = Debug|Any CPU
		{B843500A-FF38-45A3-9901-56DD70037B25}.Release|Any CPU.ActiveCfg = Release|Any CPU
		{B843500A-FF38-45A3-9901-56DD70037B25}.Release|Any CPU.Build.0 = Release|Any CPU
	EndGlobalSection
	GlobalSection(SolutionProperties) = preSolution
		HideSolutionNode = FALSE
	EndGlobalSection
	GlobalSection(ExtensibilityGlobals) = postSolution
		SolutionGuid = {535F2CB9-497B-4678-AA4B-96BC14A72CA0}
	EndGlobalSection
EndGlobal
